<?xml version="1.0" encoding="utf-8"?>
<Project ToolsVersion="4.0" xmlns="http://schemas.microsoft.com/developer/msbuild/2003">
  <ItemGroup>
    <Filter Include="소스 파일">
      <UniqueIdentifier>{4FC737F1-C7A5-4376-A066-2A32D752A2FF}</UniqueIdentifier>
      <Extensions>cpp;c;cc;cxx;c++;cppm;ixx;def;odl;idl;hpj;bat;asm;asmx</Extensions>
    </Filter>
    <Filter Include="헤더 파일">
      <UniqueIdentifier>{93995380-89BD-4b04-88EB-625FBE52EBFB}</UniqueIdentifier>
      <Extensions>h;hh;hpp;hxx;h++;hm;inl;inc;ipp;xsd</Extensions>
    </Filter>
    <Filter Include="리소스 파일">
      <UniqueIdentifier>{67DA6AB6-F800-4c08-8B7A-83BB121AAD01}</UniqueIdentifier>
      <Extensions>rc;ico;cur;bmp;dlg;rc2;rct;bin;rgs;gif;jpg;jpeg;jpe;resx;tiff;tif;png;wav;mfcribbon-ms</Extensions>
    </Filter>
    <Filter Include="소스 파일\과제1">
      <UniqueIdentifier>{c3ed9f40-5055-45fc-a2ee-70f398183c06}</UniqueIdentifier>
    </Filter>
    <Filter Include="소스 파일\0323">
      <UniqueIdentifier>{9e102f0f-d65d-48b8-9923-e9e71a2de9fe}</UniqueIdentifier>
    </Filter>
    <Filter Include="소스 파일\0328">
      <UniqueIdentifier>{d5cebad0-4ad3-400c-af69-3b6615b36f78}</UniqueIdentifier>
    </Filter>
    <Filter Include="헤더 파일\0328">
      <UniqueIdentifier>{ba9d4b3f-b45b-42c6-81a7-ce7f6e09cf33}</UniqueIdentifier>
    </Filter>
    <Filter Include="소스 파일\과제2">
      <UniqueIdentifier>{4708f915-275a-44b3-9d51-f08d9e0899c0}</UniqueIdentifier>
    </Filter>
    <Filter Include="소스 파일\0330">
      <UniqueIdentifier>{f5c11ae9-9cea-492e-85a5-cc61e218c321}</UniqueIdentifier>
    </Filter>
    <Filter Include="소스 파일\과제3">
      <UniqueIdentifier>{610d7d97-2da2-4c6e-b6c3-51eff50fa899}</UniqueIdentifier>
    </Filter>
    <Filter Include="소스 파일\0404">
      <UniqueIdentifier>{d60f9f31-0803-43de-8a86-595cca1bbe6e}</UniqueIdentifier>
    </Filter>
    <Filter Include="소스 파일\0406">
      <UniqueIdentifier>{81cf57a5-4f35-4a06-92fe-9dc976ad12d1}</UniqueIdentifier>
    </Filter>
    <Filter Include="소스 파일\0411">
      <UniqueIdentifier>{981b8887-545c-4c21-8e6c-ab277494b8f8}</UniqueIdentifier>
    </Filter>
    <Filter Include="소스 파일\0413">
      <UniqueIdentifier>{8ab6c433-c2cb-4a17-bc19-8307c9f481a7}</UniqueIdentifier>
    </Filter>
    <Filter Include="소스 파일\중간고사 연습용">
      <UniqueIdentifier>{81743504-092f-45aa-bc0c-0cd571469571}</UniqueIdentifier>
    </Filter>
    <Filter Include="소스 파일\0418">
      <UniqueIdentifier>{40a488ef-996c-4316-ba15-ebb01d826063}</UniqueIdentifier>
    </Filter>
    <Filter Include="소스 파일\0427">
      <UniqueIdentifier>{5ca078e0-7fc8-40fd-b82f-bc22ef224560}</UniqueIdentifier>
    </Filter>
    <Filter Include="소스 파일\0502">
      <UniqueIdentifier>{c1844e64-f066-418d-941b-a1c24237017f}</UniqueIdentifier>
    </Filter>
    <Filter Include="소스 파일\0504-템플릿">
      <UniqueIdentifier>{329553c6-3081-4b7a-8d83-e4b29f0d1d57}</UniqueIdentifier>
    </Filter>
    <Filter Include="소스 파일\0509-STL">
      <UniqueIdentifier>{97bca4d7-64f0-46ed-8339-caa1046f8f93}</UniqueIdentifier>
    </Filter>
    <Filter Include="소스 파일\0511-FloodFill&amp;MFC">
      <UniqueIdentifier>{ffe6a572-1c9b-4709-af8f-76a2981c865d}</UniqueIdentifier>
    </Filter>
    <Filter Include="소스 파일\실기시험 연습용">
      <UniqueIdentifier>{36d644ee-1f35-4f49-9433-57ab5750feca}</UniqueIdentifier>
    </Filter>
    <Filter Include="소스 파일\실기시험 연습용\실기시험 1분반">
      <UniqueIdentifier>{34466276-11e4-4610-a680-cb927aab0b2c}</UniqueIdentifier>
    </Filter>
  </ItemGroup>
  <ItemGroup>
    <ClCompile Include="0309.cpp">
      <Filter>소스 파일</Filter>
    </ClCompile>
    <ClCompile Include="0314.cpp">
      <Filter>소스 파일</Filter>
    </ClCompile>
    <ClCompile Include="과제1-2.cpp">
      <Filter>소스 파일\과제1</Filter>
    </ClCompile>
    <ClCompile Include="과제1-4.cpp">
      <Filter>소스 파일\과제1</Filter>
    </ClCompile>
    <ClCompile Include="과제1-8.cpp">
      <Filter>소스 파일\과제1</Filter>
    </ClCompile>
    <ClCompile Include="과제1-13.cpp">
      <Filter>소스 파일\과제1</Filter>
    </ClCompile>
    <ClCompile Include="0316.cpp">
      <Filter>소스 파일</Filter>
    </ClCompile>
    <ClCompile Include="0321.cpp">
      <Filter>소스 파일</Filter>
    </ClCompile>
    <ClCompile Include="0323.cpp">
      <Filter>소스 파일\0323</Filter>
    </ClCompile>
    <ClCompile Include="0323-Mycircle.cpp">
      <Filter>소스 파일\0323</Filter>
    </ClCompile>
    <ClCompile Include="main0328.cpp">
      <Filter>소스 파일\0328</Filter>
    </ClCompile>
    <ClCompile Include="MyLine0328.cpp">
      <Filter>소스 파일\0328</Filter>
    </ClCompile>
    <ClCompile Include="MyPos0328.cpp">
      <Filter>소스 파일\0328</Filter>
    </ClCompile>
    <ClCompile Include="과제2-2.cpp">
      <Filter>소스 파일\과제2</Filter>
    </ClCompile>
    <ClCompile Include="0330-실습1.cpp">
      <Filter>소스 파일\0330</Filter>
    </ClCompile>
    <ClCompile Include="0330-실습2.cpp">
      <Filter>소스 파일\0330</Filter>
    </ClCompile>
    <ClCompile Include="과제2-5.cpp">
      <Filter>소스 파일\과제2</Filter>
    </ClCompile>
    <ClCompile Include="과제3-4.cpp">
      <Filter>소스 파일\과제3</Filter>
    </ClCompile>
    <ClCompile Include="과제3-10.cpp">
      <Filter>소스 파일\과제3</Filter>
    </ClCompile>
    <ClCompile Include="과제3-12.cpp">
      <Filter>소스 파일\과제3</Filter>
    </ClCompile>
    <ClCompile Include="0404.cpp">
      <Filter>소스 파일\0404</Filter>
    </ClCompile>
    <ClCompile Include="0406.cpp">
      <Filter>소스 파일\0406</Filter>
    </ClCompile>
    <ClCompile Include="MyStudent0406.cpp">
      <Filter>소스 파일\0406</Filter>
    </ClCompile>
    <ClCompile Include="0411.cpp">
      <Filter>소스 파일\0411</Filter>
    </ClCompile>
    <ClCompile Include="MyString0413.cpp">
      <Filter>소스 파일\0413</Filter>
    </ClCompile>
    <ClCompile Include="main0413.cpp">
      <Filter>소스 파일\0413</Filter>
    </ClCompile>
    <ClCompile Include="중간고사연습1.cpp">
      <Filter>소스 파일\중간고사 연습용</Filter>
    </ClCompile>
    <ClCompile Include="MyPlace.cpp">
      <Filter>소스 파일\중간고사 연습용</Filter>
    </ClCompile>
    <ClCompile Include="중간고사연습2.cpp">
      <Filter>소스 파일\중간고사 연습용</Filter>
    </ClCompile>
    <ClCompile Include="0418.cpp">
      <Filter>소스 파일\0418</Filter>
    </ClCompile>
    <ClCompile Include="중간고사연습3.cpp">
      <Filter>소스 파일\중간고사 연습용</Filter>
    </ClCompile>
    <ClCompile Include="중간고사 연산자 중복 연습.cpp">
      <Filter>소스 파일\중간고사 연습용</Filter>
    </ClCompile>
    <ClCompile Include="중간고사 연습 4.cpp">
      <Filter>소스 파일\중간고사 연습용</Filter>
    </ClCompile>
    <ClCompile Include="0427.cpp">
      <Filter>소스 파일\0427</Filter>
    </ClCompile>
    <ClCompile Include="main0502.cpp">
      <Filter>소스 파일\0502</Filter>
    </ClCompile>
    <ClCompile Include="MyApp0502.cpp">
      <Filter>소스 파일\0502</Filter>
    </ClCompile>
    <ClCompile Include="MyDrawApp0502.cpp">
      <Filter>소스 파일\0502</Filter>
    </ClCompile>
    <ClCompile Include="MyMemoApp0502.cpp">
      <Filter>소스 파일\0502</Filter>
    </ClCompile>
    <ClCompile Include="0504-1.cpp">
      <Filter>소스 파일\0504-템플릿</Filter>
    </ClCompile>
    <ClCompile Include="0504-2.cpp">
      <Filter>소스 파일\0504-템플릿</Filter>
    </ClCompile>
    <ClCompile Include="0509-vector.cpp">
      <Filter>소스 파일\0509-STL</Filter>
    </ClCompile>
    <ClCompile Include="0509-list.cpp">
      <Filter>소스 파일\0509-STL</Filter>
    </ClCompile>
    <ClCompile Include="0509-FloodFill.cpp">
      <Filter>소스 파일\0509-STL</Filter>
    </ClCompile>
    <ClCompile Include="0511-FloodFill.cpp">
      <Filter>소스 파일\0511-FloodFill&amp;MFC</Filter>
    </ClCompile>
    <ClCompile Include="0511-MFC.cpp">
      <Filter>소스 파일\0511-FloodFill&amp;MFC</Filter>
    </ClCompile>
    <ClCompile Include="1분반-문제1.cpp">
      <Filter>소스 파일\실기시험 연습용\실기시험 1분반</Filter>
    </ClCompile>
    <ClCompile Include="1분반-문제2.cpp">
      <Filter>소스 파일\실기시험 연습용\실기시험 1분반</Filter>
    </ClCompile>
    <ClCompile Include="1분반-문제3.cpp">
      <Filter>소스 파일\실기시험 연습용\실기시험 1분반</Filter>
    </ClCompile>
    <ClCompile Include="1분반-문제4.cpp">
      <Filter>소스 파일\실기시험 연습용\실기시험 1분반</Filter>
    </ClCompile>
    <ClCompile Include="1분반-문제5.cpp">
      <Filter>소스 파일\실기시험 연습용\실기시험 1분반</Filter>
    </ClCompile>
  </ItemGroup>
  <ItemGroup>
    <ClInclude Include="0323.h">
      <Filter>소스 파일\0323</Filter>
    </ClInclude>
    <ClInclude Include="MyPos0328.h">
      <Filter>헤더 파일\0328</Filter>
    </ClInclude>
    <ClInclude Include="MyLine0328.h">
      <Filter>헤더 파일\0328</Filter>
    </ClInclude>
    <ClInclude Include="MyStudent0406.h">
      <Filter>소스 파일\0406</Filter>
    </ClInclude>
    <ClInclude Include="MyString0413.h">
      <Filter>소스 파일\0413</Filter>
    </ClInclude>
    <ClInclude Include="MyPlace.h">
      <Filter>소스 파일\중간고사 연습용</Filter>
    </ClInclude>
    <ClInclude Include="MyApp0502.h">
      <Filter>소스 파일\0502</Filter>
    </ClInclude>
    <ClInclude Include="MyDrawApp0502.h">
      <Filter>소스 파일\0502</Filter>
    </ClInclude>
    <ClInclude Include="MyMemoApp0502.h">
      <Filter>소스 파일\0502</Filter>
    </ClInclude>
  </ItemGroup>
  <ItemGroup>
    <Text Include="Map.txt">
      <Filter>소스 파일\0509-STL</Filter>
    </Text>
  </ItemGroup>
  <ItemGroup>
    <None Include="..\..\..\..\Downloads\2022중간고사1반.pdf">
      <Filter>소스 파일\실기시험 연습용</Filter>
    </None>
    <None Include="..\..\..\..\Downloads\2022중간고사2반.pdf">
      <Filter>소스 파일\실기시험 연습용</Filter>
    </None>
  </ItemGroup>
</Project>